<?xml version="1.0" encoding="utf-8"?>
<Project ToolsVersion="4.0" xmlns="http://schemas.microsoft.com/developer/msbuild/2003">
  <ItemGroup>
    <ClCompile Include="..\src\main.cpp" />
    <ClCompile Include="..\..\_engine\src\engine\render\renderer.cpp">
      <Filter>engine\render</Filter>
    </ClCompile>
    <ClCompile Include="..\..\_engine\src\engine\log\log.cpp">
      <Filter>engine\log</Filter>
    </ClCompile>
    <ClCompile Include="..\..\..\..\Exercice 4\chunk.cpp">
      <Filter>World</Filter>
    </ClCompile>
  </ItemGroup>
  <ItemGroup>
    <Filter Include="engine">
      <UniqueIdentifier>{ae4e05d4-a1d7-4a08-b636-e63623fdf46f}</UniqueIdentifier>
    </Filter>
    <Filter Include="engine\render">
      <UniqueIdentifier>{a376097d-3850-4557-a4c2-fca1449830df}</UniqueIdentifier>
    </Filter>
    <Filter Include="engine\log">
      <UniqueIdentifier>{0a822301-530a-4ea3-9539-50b080a3d8da}</UniqueIdentifier>
    </Filter>
    <Filter Include="World">
      <UniqueIdentifier>{75cacdb4-88ef-4a94-81be-097e9bccb27b}</UniqueIdentifier>
    </Filter>
    <Filter Include="Physic">
      <UniqueIdentifier>{d2bd8121-ba60-4e41-8683-955a5a1d20cb}</UniqueIdentifier>
    </Filter>
    <Filter Include="Shaders">
      <UniqueIdentifier>{74bfdf4e-0f0a-447f-a347-2abb63799afd}</UniqueIdentifier>
    </Filter>
  </ItemGroup>
  <ItemGroup>
    <ClInclude Include="..\..\_engine\src\engine\render\renderer.h">
      <Filter>engine\render</Filter>
    </ClInclude>
    <ClInclude Include="..\..\_engine\src\engine\log\log.h">
      <Filter>engine\log</Filter>
    </ClInclude>
    <ClInclude Include="..\..\_engine\src\engine\log\log_console.h">
      <Filter>engine\log</Filter>
    </ClInclude>
    <ClInclude Include="..\..\_engine\src\engine\log\log_file.h">
      <Filter>engine\log</Filter>
    </ClInclude>
    <ClInclude Include="..\..\_engine\src\engine\render\camera.h">
      <Filter>engine\render</Filter>
    </ClInclude>
    <ClInclude Include="..\..\..\..\Exercice 4\chunk.h">
      <Filter>World</Filter>
    </ClInclude>
    <ClInclude Include="..\..\..\..\Exercice 4\cube.h">
      <Filter>World</Filter>
    </ClInclude>
    <ClInclude Include="..\..\..\..\Exercice 4\world.h">
      <Filter>World</Filter>
    </ClInclude>
    <ClInclude Include="..\..\..\..\Exercice 4\perlin.h">
      <Filter>World</Filter>
    </ClInclude>
    <ClInclude Include="..\..\..\..\Exercice 7\avatar.h">
      <Filter>Physic</Filter>
    </ClInclude>
    <ClInclude Include="my_physics.h">
      <Filter>Physic</Filter>
    </ClInclude>
  </ItemGroup>
  <ItemGroup>
    <None Include="..\run\shaders\psbase.glsl">
      <Filter>Shaders</Filter>
    </None>
    <None Include="..\run\shaders\vsbase.glsl">
      <Filter>Shaders</Filter>
    </None>
    <None Include="..\run\shaders\postprocess\pshader.glsl">
      <Filter>Shaders</Filter>
    </None>
    <None Include="..\run\shaders\postprocess\pshader - grayscale.glsl">
      <Filter>Shaders</Filter>
    </None>
  </ItemGroup>
</Project>